
Microsoft Visual Studio Solution File, Format Version 12.00
# Visual Studio Version 16
VisualStudioVersion = 16.0.28922.388
MinimumVisualStudioVersion = 15.0.26124.0
Project("{9A19103F-16F7-4668-BE54-9A1E7A4F7556}") = "SaudePessoa.Api", "SaudePessoa.Api\SaudePessoa.Api.csproj", "{9B402C58-B441-4B7F-9BA4-5EDDE2F8BE58}"
EndProject
Project("{9A19103F-16F7-4668-BE54-9A1E7A4F7556}") = "SaudePessoa.Data", "SaudePessoa.Data\SaudePessoa.Data.csproj", "{A849F060-3504-4794-AE99-6BA9F2BC7D38}"
EndProject
Global
	GlobalSection(SolutionConfigurationPlatforms) = preSolution
		Debug|Any CPU = Debug|Any CPU
		Debug|x64 = Debug|x64
		Debug|x86 = Debug|x86
		Release|Any CPU = Release|Any CPU
		Release|x64 = Release|x64
		Release|x86 = Release|x86
	EndGlobalSection
	GlobalSection(ProjectConfigurationPlatforms) = postSolution
		{9B402C58-B441-4B7F-9BA4-5EDDE2F8BE58}.Debug|Any CPU.ActiveCfg = Debug|Any CPU
		{9B402C58-B441-4B7F-9BA4-5EDDE2F8BE58}.Debug|Any CPU.Build.0 = Debug|Any CPU
		{9B402C58-B441-4B7F-9BA4-5EDDE2F8BE58}.Debug|x64.ActiveCfg = Debug|Any CPU
		{9B402C58-B441-4B7F-9BA4-5EDDE2F8BE58}.Debug|x64.Build.0 = Debug|Any CPU
		{9B402C58-B441-4B7F-9BA4-5EDDE2F8BE58}.Debug|x86.ActiveCfg = Debug|Any CPU
		{9B402C58-B441-4B7F-9BA4-5EDDE2F8BE58}.Debug|x86.Build.0 = Debug|Any CPU
		{9B402C58-B441-4B7F-9BA4-5EDDE2F8BE58}.Release|Any CPU.ActiveCfg = Release|Any CPU
		{9B402C58-B441-4B7F-9BA4-5EDDE2F8BE58}.Release|Any CPU.Build.0 = Release|Any CPU
		{9B402C58-B441-4B7F-9BA4-5EDDE2F8BE58}.Release|x64.ActiveCfg = Release|Any CPU
		{9B402C58-B441-4B7F-9BA4-5EDDE2F8BE58}.Release|x64.Build.0 = Release|Any CPU
		{9B402C58-B441-4B7F-9BA4-5EDDE2F8BE58}.Release|x86.ActiveCfg = Release|Any CPU
		{9B402C58-B441-4B7F-9BA4-5EDDE2F8BE58}.Release|x86.Build.0 = Release|Any CPU
		{A849F060-3504-4794-AE99-6BA9F2BC7D38}.Debug|Any CPU.ActiveCfg = Debug|Any CPU
		{A849F060-3504-4794-AE99-6BA9F2BC7D38}.Debug|Any CPU.Build.0 = Debug|Any CPU
		{A849F060-3504-4794-AE99-6BA9F2BC7D38}.Debug|x64.ActiveCfg = Debug|Any CPU
		{A849F060-3504-4794-AE99-6BA9F2BC7D38}.Debug|x64.Build.0 = Debug|Any CPU
		{A849F060-3504-4794-AE99-6BA9F2BC7D38}.Debug|x86.ActiveCfg = Debug|Any CPU
		{A849F060-3504-4794-AE99-6BA9F2BC7D38}.Debug|x86.Build.0 = Debug|Any CPU
		{A849F060-3504-4794-AE99-6BA9F2BC7D38}.Release|Any CPU.ActiveCfg = Release|Any CPU
		{A849F060-3504-4794-AE99-6BA9F2BC7D38}.Release|Any CPU.Build.0 = Release|Any CPU
		{A849F060-3504-4794-AE99-6BA9F2BC7D38}.Release|x64.ActiveCfg = Release|Any CPU
		{A849F060-3504-4794-AE99-6BA9F2BC7D38}.Release|x64.Build.0 = Release|Any CPU
		{A849F060-3504-4794-AE99-6BA9F2BC7D38}.Release|x86.ActiveCfg = Release|Any CPU
		{A849F060-3504-4794-AE99-6BA9F2BC7D38}.Release|x86.Build.0 = Release|Any CPU
	EndGlobalSection
	GlobalSection(SolutionProperties) = preSolution
		HideSolutionNode = FALSE
	EndGlobalSection
	GlobalSection(ExtensibilityGlobals) = postSolution
		SolutionGuid = {ECEEFF8C-F700-4038-96BD-36876D139A5C}
	EndGlobalSection
EndGlobal
